<?xml version="1.0" encoding="utf-8"?>
<Project ToolsVersion="4.0" xmlns="http://schemas.microsoft.com/developer/msbuild/2003">
  <ItemGroup>
    <Filter Include="Header Files">
      <UniqueIdentifier>{93995380-89BD-4b04-88EB-625FBE52EBFB}</UniqueIdentifier>
      <Extensions>h;hpp;hxx;hm;inl;inc;xsd</Extensions>
    </Filter>
    <Filter Include="Resource Files">
      <UniqueIdentifier>{67DA6AB6-F800-4c08-8B7A-83BB121AAD01}</UniqueIdentifier>
      <Extensions>rc;ico;cur;bmp;dlg;rc2;rct;bin;rgs;gif;jpg;jpeg;jpe;resx;tiff;tif;png;wav;mfcribbon-ms</Extensions>
    </Filter>
    <Filter Include="Source Files">
      <UniqueIdentifier>{4FC737F1-C7A5-4376-A066-2A32D752A2FF}</UniqueIdentifier>
      <Extensions>cpp;c;cc;cxx;def;odl;idl;hpj;bat;asm;asmx</Extensions>
    </Filter>
  </ItemGroup>
  <ItemGroup>
    <ClInclude Include="cAppConsole.h">
      <Filter>Header Files</Filter>
    </ClInclude>
    <ClInclude Include="cAppState.h">
      <Filter>Header Files</Filter>
    </ClInclude>
    <ClInclude Include="cArchive.h">
      <Filter>Header Files</Filter>
    </ClInclude>
    <ClInclude Include="cArray.h">
      <Filter>Header Files</Filter>
    </ClInclude>
    <ClInclude Include="cArrayNew.h">
      <Filter>Header Files</Filter>
    </ClInclude>
    <ClInclude Include="cArrayRef.h">
      <Filter>Header Files</Filter>
    </ClInclude>
    <ClInclude Include="cArraySort.h">
      <Filter>Header Files</Filter>
    </ClInclude>
    <ClInclude Include="cArrayString.h">
      <Filter>Header Files</Filter>
    </ClInclude>
    <ClInclude Include="cAtom.h">
      <Filter>Header Files</Filter>
    </ClInclude>
    <ClInclude Include="cBits.h">
      <Filter>Header Files</Filter>
    </ClInclude>
    <ClInclude Include="cException.h">
      <Filter>Header Files</Filter>
    </ClInclude>
    <ClInclude Include="cExceptionAssert.h">
      <Filter>Header Files</Filter>
    </ClInclude>
    <ClInclude Include="cExceptionSystem.h">
      <Filter>Header Files</Filter>
    </ClInclude>
    <ClInclude Include="cFile.h">
      <Filter>Header Files</Filter>
    </ClInclude>
    <ClInclude Include="cFileDir.h">
      <Filter>Header Files</Filter>
    </ClInclude>
    <ClInclude Include="cFilePath.h">
      <Filter>Header Files</Filter>
    </ClInclude>
    <ClInclude Include="cFileText.h">
      <Filter>Header Files</Filter>
    </ClInclude>
    <ClInclude Include="cHandlePtr.h">
      <Filter>Header Files</Filter>
    </ClInclude>
    <ClInclude Include="cHeap.h">
      <Filter>Header Files</Filter>
    </ClInclude>
    <ClInclude Include="cHeapObject.h">
      <Filter>Header Files</Filter>
    </ClInclude>
    <ClInclude Include="cIniFile.h">
      <Filter>Header Files</Filter>
    </ClInclude>
    <ClInclude Include="cIniMap.h">
      <Filter>Header Files</Filter>
    </ClInclude>
    <ClInclude Include="cIniObject.h">
      <Filter>Header Files</Filter>
    </ClInclude>
    <ClInclude Include="cIniSection.h">
      <Filter>Header Files</Filter>
    </ClInclude>
    <ClInclude Include="cInterlockedVal.h">
      <Filter>Header Files</Filter>
    </ClInclude>
    <ClInclude Include="cLogAppender.h">
      <Filter>Header Files</Filter>
    </ClInclude>
    <ClInclude Include="cLogLevel.h">
      <Filter>Header Files</Filter>
    </ClInclude>
    <ClInclude Include="cLogMgr.h">
      <Filter>Header Files</Filter>
    </ClInclude>
    <ClInclude Include="cMem.h">
      <Filter>Header Files</Filter>
    </ClInclude>
    <ClInclude Include="cMime.h">
      <Filter>Header Files</Filter>
    </ClInclude>
    <ClInclude Include="cNewPtr.h">
      <Filter>Header Files</Filter>
    </ClInclude>
    <ClInclude Include="cNonCopyable.h">
      <Filter>Header Files</Filter>
    </ClInclude>
    <ClInclude Include="cObject.h">
      <Filter>Header Files</Filter>
    </ClInclude>
    <ClInclude Include="cOSHandle.h">
      <Filter>Header Files</Filter>
    </ClInclude>
    <ClInclude Include="cOSHandleSet.h">
      <Filter>Header Files</Filter>
    </ClInclude>
    <ClInclude Include="cOSModule.h">
      <Filter>Header Files</Filter>
    </ClInclude>
    <ClInclude Include="cPair.h">
      <Filter>Header Files</Filter>
    </ClInclude>
    <ClInclude Include="cQueue.h">
      <Filter>Header Files</Filter>
    </ClInclude>
    <ClInclude Include="cSingleton.h">
      <Filter>Header Files</Filter>
    </ClInclude>
    <ClInclude Include="cRefPtr.h">
      <Filter>Header Files</Filter>
    </ClInclude>
    <ClInclude Include="cStream.h">
      <Filter>Header Files</Filter>
    </ClInclude>
    <ClInclude Include="cStreamProgress.h">
      <Filter>Header Files</Filter>
    </ClInclude>
    <ClInclude Include="cStreamQueue.h">
      <Filter>Header Files</Filter>
    </ClInclude>
    <ClInclude Include="cStreamStack.h">
      <Filter>Header Files</Filter>
    </ClInclude>
    <ClInclude Include="cString.h">
      <Filter>Header Files</Filter>
    </ClInclude>
    <ClInclude Include="cSystemInfo.h">
      <Filter>Header Files</Filter>
    </ClInclude>
    <ClInclude Include="CThreadArray.h">
      <Filter>Header Files</Filter>
    </ClInclude>
    <ClInclude Include="CThreadArrayString.h">
      <Filter>Header Files</Filter>
    </ClInclude>
    <ClInclude Include="cThreadLocalSys.h">
      <Filter>Header Files</Filter>
    </ClInclude>
    <ClInclude Include="cThreadLock.h">
      <Filter>Header Files</Filter>
    </ClInclude>
    <ClInclude Include="cThreadLockRW.h">
      <Filter>Header Files</Filter>
    </ClInclude>
    <ClInclude Include="cTimeDouble.h">
      <Filter>Header Files</Filter>
    </ClInclude>
    <ClInclude Include="cTimeFile.h">
      <Filter>Header Files</Filter>
    </ClInclude>
    <ClInclude Include="cTimeInt.h">
      <Filter>Header Files</Filter>
    </ClInclude>
    <ClInclude Include="cTimeSys.h">
      <Filter>Header Files</Filter>
    </ClInclude>
    <ClInclude Include="cTimeUnits.h">
      <Filter>Header Files</Filter>
    </ClInclude>
    <ClInclude Include="cUnitTest.h">
      <Filter>Header Files</Filter>
    </ClInclude>
    <ClInclude Include="GrayCore.h">
      <Filter>Header Files</Filter>
    </ClInclude>
    <ClInclude Include="HResult.h">
      <Filter>Header Files</Filter>
    </ClInclude>
    <ClInclude Include="IUnknown.h">
      <Filter>Header Files</Filter>
    </ClInclude>
    <ClInclude Include="resource.h">
      <Filter>Header Files</Filter>
    </ClInclude>
    <ClInclude Include="StdAfx.h">
      <Filter>Header Files</Filter>
    </ClInclude>
    <ClInclude Include="StrA.h">
      <Filter>Header Files</Filter>
    </ClInclude>
    <ClInclude Include="StrChar.h">
      <Filter>Header Files</Filter>
    </ClInclude>
    <ClInclude Include="StrConst.h">
      <Filter>Header Files</Filter>
    </ClInclude>
    <ClInclude Include="StrU.h">
      <Filter>Header Files</Filter>
    </ClInclude>
    <ClInclude Include="cArrayIUnk.h">
      <Filter>Header Files</Filter>
    </ClInclude>
    <ClInclude Include="cCodeProfiler.h">
      <Filter>Header Files</Filter>
    </ClInclude>
    <ClInclude Include="cTypes.h">
      <Filter>Header Files</Filter>
    </ClInclude>
    <ClInclude Include="cDebugAssert.h">
      <Filter>Header Files</Filter>
    </ClInclude>
    <ClInclude Include="cHashTable.h">
      <Filter>Header Files</Filter>
    </ClInclude>
    <ClInclude Include="CList.h">
      <Filter>Header Files</Filter>
    </ClInclude>
    <ClInclude Include="cPairSort.h">
      <Filter>Header Files</Filter>
    </ClInclude>
    <ClInclude Include="cPtrFacade.h">
      <Filter>Header Files</Filter>
    </ClInclude>
    <ClInclude Include="cTimeVal.h">
      <Filter>Header Files</Filter>
    </ClInclude>
    <ClInclude Include="GrayVersion.h">
      <Filter>Header Files</Filter>
    </ClInclude>
    <ClInclude Include="cFileStatus.h">
      <Filter>Header Files</Filter>
    </ClInclude>
    <ClInclude Include="StrArg.h">
      <Filter>Header Files</Filter>
    </ClInclude>
    <ClInclude Include="Ptr.h">
      <Filter>Header Files</Filter>
    </ClInclude>
    <ClInclude Include="SysDefs.h">
      <Filter>Header Files</Filter>
    </ClInclude>
    <ClInclude Include="SysTypes.h">
      <Filter>Header Files</Filter>
    </ClInclude>
    <ClInclude Include="cSingletonPtr.h">
      <Filter>Header Files</Filter>
    </ClInclude>
    <ClInclude Include="FileName.h">
      <Filter>Header Files</Filter>
    </ClInclude>
    <ClInclude Include="cIniBase.h">
      <Filter>Header Files</Filter>
    </ClInclude>
    <ClInclude Include="cUnitTestDecl.h">
      <Filter>Header Files</Filter>
    </ClInclude>
    <ClInclude Include="IUnkObject.h">
      <Filter>Header Files</Filter>
    </ClInclude>
    <ClInclude Include="cRandomDef.h">
      <Filter>Header Files</Filter>
    </ClInclude>
    <ClInclude Include="cTypeInfo.h">
      <Filter>Header Files</Filter>
    </ClInclude>
    <ClInclude Include="StrT.h">
      <Filter>Header Files</Filter>
    </ClInclude>
    <ClInclude Include="cuint64.h">
      <Filter>Header Files</Filter>
    </ClInclude>
    <ClInclude Include="cTempPool.h">
      <Filter>Header Files</Filter>
    </ClInclude>
    <ClInclude Include="cTextPos.h">
      <Filter>Header Files</Filter>
    </ClInclude>
    <ClInclude Include="cLogEvent.h">
      <Filter>Header Files</Filter>
    </ClInclude>
    <ClInclude Include="cIUnkPtr.h">
      <Filter>Header Files</Filter>
    </ClInclude>
    <ClInclude Include="cAppImpl.h">
      <Filter>Header Files</Filter>
    </ClInclude>
    <ClInclude Include="cExceptionBase.h">
      <Filter>Header Files</Filter>
    </ClInclude>
    <ClInclude Include="cIUnkAgg.h">
      <Filter>Header Files</Filter>
    </ClInclude>
    <ClInclude Include="cLocker.h">
      <Filter>Header Files</Filter>
    </ClInclude>
    <ClInclude Include="cOSModImpl.h">
      <Filter>Header Files</Filter>
    </ClInclude>
    <ClInclude Include="cOSProcess.h">
      <Filter>Header Files</Filter>
    </ClInclude>
    <ClInclude Include="cListNodeSmart.h">
      <Filter>Header Files</Filter>
    </ClInclude>
    <ClInclude Include="cLogAppendConsole.h">
      <Filter>Header Files</Filter>
    </ClInclude>
    <ClInclude Include="cTriState.h">
      <Filter>Header Files</Filter>
    </ClInclude>
    <ClInclude Include="cTimeZone.h">
      <Filter>Header Files</Filter>
    </ClInclude>
    <ClInclude Include="cValT.h">
      <Filter>Header Files</Filter>
    </ClInclude>
    <ClInclude Include="StrCharAscii.h">
      <Filter>Header Files</Filter>
    </ClInclude>
    <ClInclude Include="cFloat.h">
      <Filter>Header Files</Filter>
    </ClInclude>
    <ClInclude Include="cFloatDeco.h">
      <Filter>Header Files</Filter>
    </ClInclude>
    <ClInclude Include="cObjectFactory.h">
      <Filter>Header Files</Filter>
    </ClInclude>
    <ClInclude Include="StrBuilder.h">
      <Filter>Header Files</Filter>
    </ClInclude>
    <ClInclude Include="StrFormat.h">
      <Filter>Header Files</Filter>
    </ClInclude>
    <ClInclude Include="StrNum.h">
      <Filter>Header Files</Filter>
    </ClInclude>
  </ItemGroup>
  <ItemGroup>
    <ClCompile Include="cAppConsole.cpp">
      <Filter>Source Files</Filter>
    </ClCompile>
    <ClCompile Include="cAppState.cpp">
      <Filter>Source Files</Filter>
    </ClCompile>
    <ClCompile Include="cArchive.cpp">
      <Filter>Source Files</Filter>
    </ClCompile>
    <ClCompile Include="cArraySort.cpp">
      <Filter>Source Files</Filter>
    </ClCompile>
    <ClCompile Include="cAtom.cpp">
      <Filter>Source Files</Filter>
    </ClCompile>
    <ClCompile Include="cBits.cpp">
      <Filter>Source Files</Filter>
    </ClCompile>
    <ClCompile Include="CException.cpp">
      <Filter>Source Files</Filter>
    </ClCompile>
    <ClCompile Include="cExceptionAssert.cpp">
      <Filter>Source Files</Filter>
    </ClCompile>
    <ClCompile Include="cExceptionSystem.cpp">
      <Filter>Source Files</Filter>
    </ClCompile>
    <ClCompile Include="CFile.cpp">
      <Filter>Source Files</Filter>
    </ClCompile>
    <ClCompile Include="cFileDir.cpp">
      <Filter>Source Files</Filter>
    </ClCompile>
    <ClCompile Include="cFilePath.cpp">
      <Filter>Source Files</Filter>
    </ClCompile>
    <ClCompile Include="cFileText.cpp">
      <Filter>Source Files</Filter>
    </ClCompile>
    <ClCompile Include="cHeap.cpp">
      <Filter>Source Files</Filter>
    </ClCompile>
    <ClCompile Include="cIniFile.cpp">
      <Filter>Source Files</Filter>
    </ClCompile>
    <ClCompile Include="cIniMap.cpp">
      <Filter>Source Files</Filter>
    </ClCompile>
    <ClCompile Include="cIniObject.cpp">
      <Filter>Source Files</Filter>
    </ClCompile>
    <ClCompile Include="cIniSection.cpp">
      <Filter>Source Files</Filter>
    </ClCompile>
    <ClCompile Include="cInterlockedVal.cpp">
      <Filter>Source Files</Filter>
    </ClCompile>
    <ClCompile Include="cLogAppender.cpp">
      <Filter>Source Files</Filter>
    </ClCompile>
    <ClCompile Include="cLogLevel.cpp">
      <Filter>Source Files</Filter>
    </ClCompile>
    <ClCompile Include="cLogMgr.cpp">
      <Filter>Source Files</Filter>
    </ClCompile>
    <ClCompile Include="cMem.cpp">
      <Filter>Source Files</Filter>
    </ClCompile>
    <ClCompile Include="cMime.cpp">
      <Filter>Source Files</Filter>
    </ClCompile>
    <ClCompile Include="cOSHandle.cpp">
      <Filter>Source Files</Filter>
    </ClCompile>
    <ClCompile Include="cOSHandleSet.cpp">
      <Filter>Source Files</Filter>
    </ClCompile>
    <ClCompile Include="cOSModule.cpp">
      <Filter>Source Files</Filter>
    </ClCompile>
    <ClCompile Include="CQueue.cpp">
      <Filter>Source Files</Filter>
    </ClCompile>
    <ClCompile Include="cSingleton.cpp">
      <Filter>Source Files</Filter>
    </ClCompile>
    <ClCompile Include="cStream.cpp">
      <Filter>Source Files</Filter>
    </ClCompile>
    <ClCompile Include="cStreamStack.cpp">
      <Filter>Source Files</Filter>
    </ClCompile>
    <ClCompile Include="CString.cpp">
      <Filter>Source Files</Filter>
    </ClCompile>
    <ClCompile Include="cSystemInfo.cpp">
      <Filter>Source Files</Filter>
    </ClCompile>
    <ClCompile Include="cThreadLock.cpp">
      <Filter>Source Files</Filter>
    </ClCompile>
    <ClCompile Include="cThreadLockRW.cpp">
      <Filter>Source Files</Filter>
    </ClCompile>
    <ClCompile Include="cTimeDouble.cpp">
      <Filter>Source Files</Filter>
    </ClCompile>
    <ClCompile Include="cTimeFile.cpp">
      <Filter>Source Files</Filter>
    </ClCompile>
    <ClCompile Include="cTimeInt.cpp">
      <Filter>Source Files</Filter>
    </ClCompile>
    <ClCompile Include="cTimeSys.cpp">
      <Filter>Source Files</Filter>
    </ClCompile>
    <ClCompile Include="cTimeUnits.cpp">
      <Filter>Source Files</Filter>
    </ClCompile>
    <ClCompile Include="cUnitTest.cpp">
      <Filter>Source Files</Filter>
    </ClCompile>
    <ClCompile Include="GrayCore.cpp">
      <Filter>Source Files</Filter>
    </ClCompile>
    <ClCompile Include="HResult.cpp">
      <Filter>Source Files</Filter>
    </ClCompile>
    <ClCompile Include="StdAfx.cpp">
      <Filter>Source Files</Filter>
    </ClCompile>
    <ClCompile Include="StrA.cpp">
      <Filter>Source Files</Filter>
    </ClCompile>
    <ClCompile Include="StrChar.cpp">
      <Filter>Source Files</Filter>
    </ClCompile>
    <ClCompile Include="StrConst.cpp">
      <Filter>Source Files</Filter>
    </ClCompile>
    <ClCompile Include="StrU.cpp">
      <Filter>Source Files</Filter>
    </ClCompile>
    <ClCompile Include="cArrayString.cpp">
      <Filter>Source Files</Filter>
    </ClCompile>
    <ClCompile Include="cCodeProfiler.cpp">
      <Filter>Source Files</Filter>
    </ClCompile>
    <ClCompile Include="cDebugAssert.cpp">
      <Filter>Source Files</Filter>
    </ClCompile>
    <ClCompile Include="cHashTable.cpp">
      <Filter>Source Files</Filter>
    </ClCompile>
    <ClCompile Include="CList.cpp">
      <Filter>Source Files</Filter>
    </ClCompile>
    <ClCompile Include="StrArg.cpp">
      <Filter>Source Files</Filter>
    </ClCompile>
    <ClCompile Include="cRandomDef.cpp">
      <Filter>Source Files</Filter>
    </ClCompile>
    <ClCompile Include="cTypeInfo.cpp">
      <Filter>Source Files</Filter>
    </ClCompile>
    <ClCompile Include="StrT.cpp">
      <Filter>Source Files</Filter>
    </ClCompile>
    <ClCompile Include="cUInt64.cpp">
      <Filter>Source Files</Filter>
    </ClCompile>
    <ClCompile Include="cTempPool.cpp">
      <Filter>Source Files</Filter>
    </ClCompile>
    <ClCompile Include="cAppImpl.cpp">
      <Filter>Source Files</Filter>
    </ClCompile>
    <ClCompile Include="cFileStatus.cpp">
      <Filter>Source Files</Filter>
    </ClCompile>
    <ClCompile Include="StrFormat.cpp">
      <Filter>Source Files</Filter>
    </ClCompile>
    <ClCompile Include="cOSModImpl.cpp">
      <Filter>Source Files</Filter>
    </ClCompile>
    <ClCompile Include="cOSProcess.cpp">
      <Filter>Source Files</Filter>
    </ClCompile>
    <ClCompile Include="cPtrTrace.cpp">
      <Filter>Source Files</Filter>
    </ClCompile>
    <ClCompile Include="cLogAppendConsole.cpp">
      <Filter>Source Files</Filter>
    </ClCompile>
    <ClCompile Include="cTimeZone.cpp">
      <Filter>Source Files</Filter>
    </ClCompile>
    <ClCompile Include="cFloat.cpp">
      <Filter>Source Files</Filter>
    </ClCompile>
    <ClCompile Include="cFloatDeco.cpp">
      <Filter>Source Files</Filter>
    </ClCompile>
    <ClCompile Include="cObjectFactory.cpp">
      <Filter>Source Files</Filter>
    </ClCompile>
    <ClCompile Include="StrNum.cpp">
      <Filter>Source Files</Filter>
    </ClCompile>
    <ClCompile Include="StrXUnitTest.cpp">
      <Filter>Source Files</Filter>
    </ClCompile>
  </ItemGroup>
  <ItemGroup>
    <None Include="cIniFileUnitTest.ini">
      <Filter>Resource Files</Filter>
    </None>
    <None Include="cMimeTypes.tbl">
      <Filter>Source Files</Filter>
    </None>
    <None Include="HResults.tbl">
      <Filter>Source Files</Filter>
    </None>
    <None Include="HResultWin32.tbl">
      <Filter>Source Files</Filter>
    </None>
    <None Include="ReadMe.txt">
      <Filter>Resource Files</Filter>
    </None>
    <None Include="cTypes.tbl">
      <Filter>Source Files</Filter>
    </None>
    <None Include="cMimeExts.tbl">
      <Filter>Source Files</Filter>
    </None>
    <None Include="StrT.inl">
      <Filter>Source Files</Filter>
    </None>
    <None Include="StrT.tbl">
      <Filter>Source Files</Filter>
    </None>
    <None Include="cLogLevel.tbl" />
    <None Include="StrCharAscii.tbl" />
  </ItemGroup>
  <ItemGroup>
    <ResourceCompile Include="GrayCore.rc">
      <Filter>Resource Files</Filter>
    </ResourceCompile>
  </ItemGroup>
</Project>