<?xml version="1.0" encoding="utf-8"?>
<Project ToolsVersion="4.0" xmlns="http://schemas.microsoft.com/developer/msbuild/2003">
  <ItemGroup>
    <ClInclude Include="pch.h" />
    <ClInclude Include="include\cAppConsole.h">
      <Filter>include</Filter>
    </ClInclude>
    <ClInclude Include="include\cAppImpl.h">
      <Filter>include</Filter>
    </ClInclude>
    <ClInclude Include="include\cAppState.h">
      <Filter>include</Filter>
    </ClInclude>
    <ClInclude Include="include\cArchive.h">
      <Filter>include</Filter>
    </ClInclude>
    <ClInclude Include="include\cArray.h">
      <Filter>include</Filter>
    </ClInclude>
    <ClInclude Include="include\cArrayIUnk.h">
      <Filter>include</Filter>
    </ClInclude>
    <ClInclude Include="include\cArrayNew.h">
      <Filter>include</Filter>
    </ClInclude>
    <ClInclude Include="include\cArrayRef.h">
      <Filter>include</Filter>
    </ClInclude>
    <ClInclude Include="include\cArraySort.h">
      <Filter>include</Filter>
    </ClInclude>
    <ClInclude Include="include\cArraySortRef.h">
      <Filter>include</Filter>
    </ClInclude>
    <ClInclude Include="include\cArraySortString.h">
      <Filter>include</Filter>
    </ClInclude>
    <ClInclude Include="include\cArrayString.h">
      <Filter>include</Filter>
    </ClInclude>
    <ClInclude Include="include\cAtom.h">
      <Filter>include</Filter>
    </ClInclude>
    <ClInclude Include="include\cAtomManager.h">
      <Filter>include</Filter>
    </ClInclude>
    <ClInclude Include="include\cBits.h">
      <Filter>include</Filter>
    </ClInclude>
    <ClInclude Include="include\cCodeProfiler.h">
      <Filter>include</Filter>
    </ClInclude>
    <ClInclude Include="include\cDebugAssert.h">
      <Filter>include</Filter>
    </ClInclude>
    <ClInclude Include="include\cException.h">
      <Filter>include</Filter>
    </ClInclude>
    <ClInclude Include="include\cExceptionAssert.h">
      <Filter>include</Filter>
    </ClInclude>
    <ClInclude Include="include\cExceptionBase.h">
      <Filter>include</Filter>
    </ClInclude>
    <ClInclude Include="include\cExceptionSystem.h">
      <Filter>include</Filter>
    </ClInclude>
    <ClInclude Include="include\cFile.h">
      <Filter>include</Filter>
    </ClInclude>
    <ClInclude Include="include\cFileCopier.h">
      <Filter>include</Filter>
    </ClInclude>
    <ClInclude Include="include\cFileDir.h">
      <Filter>include</Filter>
    </ClInclude>
    <ClInclude Include="include\cFilePath.h">
      <Filter>include</Filter>
    </ClInclude>
    <ClInclude Include="include\cFileStatus.h">
      <Filter>include</Filter>
    </ClInclude>
    <ClInclude Include="include\cFileText.h">
      <Filter>include</Filter>
    </ClInclude>
    <ClInclude Include="include\cFileTextReader.h">
      <Filter>include</Filter>
    </ClInclude>
    <ClInclude Include="include\cFloat.h">
      <Filter>include</Filter>
    </ClInclude>
    <ClInclude Include="include\cFloatDeco.h">
      <Filter>include</Filter>
    </ClInclude>
    <ClInclude Include="include\cHandlePtr.h">
      <Filter>include</Filter>
    </ClInclude>
    <ClInclude Include="include\cHashTable.h">
      <Filter>include</Filter>
    </ClInclude>
    <ClInclude Include="include\cHeap.h">
      <Filter>include</Filter>
    </ClInclude>
    <ClInclude Include="include\cHeapObject.h">
      <Filter>include</Filter>
    </ClInclude>
    <ClInclude Include="include\cHookJump.h">
      <Filter>include</Filter>
    </ClInclude>
    <ClInclude Include="include\cIniBase.h">
      <Filter>include</Filter>
    </ClInclude>
    <ClInclude Include="include\cIniFile.h">
      <Filter>include</Filter>
    </ClInclude>
    <ClInclude Include="include\cIniMap.h">
      <Filter>include</Filter>
    </ClInclude>
    <ClInclude Include="include\cIniObject.h">
      <Filter>include</Filter>
    </ClInclude>
    <ClInclude Include="include\cIniSection.h">
      <Filter>include</Filter>
    </ClInclude>
    <ClInclude Include="include\cInterlockedVal.h">
      <Filter>include</Filter>
    </ClInclude>
    <ClInclude Include="include\cIUnkAgg.h">
      <Filter>include</Filter>
    </ClInclude>
    <ClInclude Include="include\cIUnkPtr.h">
      <Filter>include</Filter>
    </ClInclude>
    <ClInclude Include="include\cList.h">
      <Filter>include</Filter>
    </ClInclude>
    <ClInclude Include="include\cListNodeRef.h">
      <Filter>include</Filter>
    </ClInclude>
    <ClInclude Include="include\cLocker.h">
      <Filter>include</Filter>
    </ClInclude>
    <ClInclude Include="include\cLogAppendConsole.h">
      <Filter>include</Filter>
    </ClInclude>
    <ClInclude Include="include\cLogAppender.h">
      <Filter>include</Filter>
    </ClInclude>
    <ClInclude Include="include\cLogEvent.h">
      <Filter>include</Filter>
    </ClInclude>
    <ClInclude Include="include\cLogLevel.h">
      <Filter>include</Filter>
    </ClInclude>
    <ClInclude Include="include\cLogMgr.h">
      <Filter>include</Filter>
    </ClInclude>
    <ClInclude Include="include\cMem.h">
      <Filter>include</Filter>
    </ClInclude>
    <ClInclude Include="include\cMemPage.h">
      <Filter>include</Filter>
    </ClInclude>
    <ClInclude Include="include\cMime.h">
      <Filter>include</Filter>
    </ClInclude>
    <ClInclude Include="include\cNewPtr.h">
      <Filter>include</Filter>
    </ClInclude>
    <ClInclude Include="include\cNonCopyable.h">
      <Filter>include</Filter>
    </ClInclude>
    <ClInclude Include="include\cObject.h">
      <Filter>include</Filter>
    </ClInclude>
    <ClInclude Include="include\cObjectFactory.h">
      <Filter>include</Filter>
    </ClInclude>
    <ClInclude Include="include\cOSHandle.h">
      <Filter>include</Filter>
    </ClInclude>
    <ClInclude Include="include\cOSHandleSet.h">
      <Filter>include</Filter>
    </ClInclude>
    <ClInclude Include="include\cOSModImpl.h">
      <Filter>include</Filter>
    </ClInclude>
    <ClInclude Include="include\cOSModule.h">
      <Filter>include</Filter>
    </ClInclude>
    <ClInclude Include="include\cOSProcess.h">
      <Filter>include</Filter>
    </ClInclude>
    <ClInclude Include="include\cOSUser.h">
      <Filter>include</Filter>
    </ClInclude>
    <ClInclude Include="include\cPair.h">
      <Filter>include</Filter>
    </ClInclude>
    <ClInclude Include="include\cPairSort.h">
      <Filter>include</Filter>
    </ClInclude>
    <ClInclude Include="include\cPtrFacade.h">
      <Filter>include</Filter>
    </ClInclude>
    <ClInclude Include="include\cPtrTrace.h">
      <Filter>include</Filter>
    </ClInclude>
    <ClInclude Include="include\cPtrTraceMgr.h">
      <Filter>include</Filter>
    </ClInclude>
    <ClInclude Include="include\cQueue.h">
      <Filter>include</Filter>
    </ClInclude>
    <ClInclude Include="include\cRandom.h">
      <Filter>include</Filter>
    </ClInclude>
    <ClInclude Include="include\cRefPtr.h">
      <Filter>include</Filter>
    </ClInclude>
    <ClInclude Include="include\cResourceBase.h">
      <Filter>include</Filter>
    </ClInclude>
    <ClInclude Include="include\cSecurityAttributes.h">
      <Filter>include</Filter>
    </ClInclude>
    <ClInclude Include="include\cSingleton.h">
      <Filter>include</Filter>
    </ClInclude>
    <ClInclude Include="include\cSingletonPtr.h">
      <Filter>include</Filter>
    </ClInclude>
    <ClInclude Include="include\cStream.h">
      <Filter>include</Filter>
    </ClInclude>
    <ClInclude Include="include\cStreamProgress.h">
      <Filter>include</Filter>
    </ClInclude>
    <ClInclude Include="include\cStreamQueue.h">
      <Filter>include</Filter>
    </ClInclude>
    <ClInclude Include="include\cStreamStack.h">
      <Filter>include</Filter>
    </ClInclude>
    <ClInclude Include="include\cString.h">
      <Filter>include</Filter>
    </ClInclude>
    <ClInclude Include="include\cSystemHelper.h">
      <Filter>include</Filter>
    </ClInclude>
    <ClInclude Include="include\cSystemInfo.h">
      <Filter>include</Filter>
    </ClInclude>
    <ClInclude Include="include\cTempPool.h">
      <Filter>include</Filter>
    </ClInclude>
    <ClInclude Include="include\cTextPos.h">
      <Filter>include</Filter>
    </ClInclude>
    <ClInclude Include="include\cThreadArray.h">
      <Filter>include</Filter>
    </ClInclude>
    <ClInclude Include="include\cThreadArrayString.h">
      <Filter>include</Filter>
    </ClInclude>
    <ClInclude Include="include\cThreadLocalSys.h">
      <Filter>include</Filter>
    </ClInclude>
    <ClInclude Include="include\cThreadLock.h">
      <Filter>include</Filter>
    </ClInclude>
    <ClInclude Include="include\cThreadLockRef.h">
      <Filter>include</Filter>
    </ClInclude>
    <ClInclude Include="include\cThreadLockRW.h">
      <Filter>include</Filter>
    </ClInclude>
    <ClInclude Include="include\cTimeDouble.h">
      <Filter>include</Filter>
    </ClInclude>
    <ClInclude Include="include\cTimeFile.h">
      <Filter>include</Filter>
    </ClInclude>
    <ClInclude Include="include\cTimeInt.h">
      <Filter>include</Filter>
    </ClInclude>
    <ClInclude Include="include\cTimeSys.h">
      <Filter>include</Filter>
    </ClInclude>
    <ClInclude Include="include\cTimeUnits.h">
      <Filter>include</Filter>
    </ClInclude>
    <ClInclude Include="include\cTimeVal.h">
      <Filter>include</Filter>
    </ClInclude>
    <ClInclude Include="include\cTimeZone.h">
      <Filter>include</Filter>
    </ClInclude>
    <ClInclude Include="include\cTriState.h">
      <Filter>include</Filter>
    </ClInclude>
    <ClInclude Include="include\cTypeInfo.h">
      <Filter>include</Filter>
    </ClInclude>
    <ClInclude Include="include\cTypes.h">
      <Filter>include</Filter>
    </ClInclude>
    <ClInclude Include="include\cUInt64.h">
      <Filter>include</Filter>
    </ClInclude>
    <ClInclude Include="include\cUnitTest.h">
      <Filter>include</Filter>
    </ClInclude>
    <ClInclude Include="include\cUnitTestDecl.h">
      <Filter>include</Filter>
    </ClInclude>
    <ClInclude Include="include\cValT.h">
      <Filter>include</Filter>
    </ClInclude>
    <ClInclude Include="include\cWinHeap.h">
      <Filter>include</Filter>
    </ClInclude>
    <ClInclude Include="include\cWinHeap2.h">
      <Filter>include</Filter>
    </ClInclude>
    <ClInclude Include="include\FileName.h">
      <Filter>include</Filter>
    </ClInclude>
    <ClInclude Include="include\GrayCore.h">
      <Filter>include</Filter>
    </ClInclude>
    <ClInclude Include="include\GrayVersion.h">
      <Filter>include</Filter>
    </ClInclude>
    <ClInclude Include="include\HResult.h">
      <Filter>include</Filter>
    </ClInclude>
    <ClInclude Include="include\IUnknown.h">
      <Filter>include</Filter>
    </ClInclude>
    <ClInclude Include="include\IUnkObject.h">
      <Filter>include</Filter>
    </ClInclude>
    <ClInclude Include="include\Ptr.h">
      <Filter>include</Filter>
    </ClInclude>
    <ClInclude Include="include\resource.h">
      <Filter>include</Filter>
    </ClInclude>
    <ClInclude Include="include\StrA.h">
      <Filter>include</Filter>
    </ClInclude>
    <ClInclude Include="include\StrArg.h">
      <Filter>include</Filter>
    </ClInclude>
    <ClInclude Include="include\StrBuilder.h">
      <Filter>include</Filter>
    </ClInclude>
    <ClInclude Include="include\StrChar.h">
      <Filter>include</Filter>
    </ClInclude>
    <ClInclude Include="include\StrCharAscii.h">
      <Filter>include</Filter>
    </ClInclude>
    <ClInclude Include="include\StrConst.h">
      <Filter>include</Filter>
    </ClInclude>
    <ClInclude Include="include\StrFormat.h">
      <Filter>include</Filter>
    </ClInclude>
    <ClInclude Include="include\StrNum.h">
      <Filter>include</Filter>
    </ClInclude>
    <ClInclude Include="include\StrT.h">
      <Filter>include</Filter>
    </ClInclude>
    <ClInclude Include="include\StrU.h">
      <Filter>include</Filter>
    </ClInclude>
    <ClInclude Include="include\SysRes.h">
      <Filter>include</Filter>
    </ClInclude>
    <ClInclude Include="include\SysTypes.h">
      <Filter>include</Filter>
    </ClInclude>
  </ItemGroup>
  <ItemGroup>
    <None Include="ReadMe.md" />
    <None Include="LICENSE.txt" />
    <None Include="include\cLogLevel.tbl">
      <Filter>include</Filter>
    </None>
    <None Include="include\cMimeExts.tbl">
      <Filter>include</Filter>
    </None>
    <None Include="include\cMimeTypes.tbl">
      <Filter>include</Filter>
    </None>
    <None Include="include\cTypes.tbl">
      <Filter>include</Filter>
    </None>
    <None Include="include\cWinHeap.inl">
      <Filter>include</Filter>
    </None>
    <None Include="include\HResults.tbl">
      <Filter>include</Filter>
    </None>
    <None Include="include\HResultWin32.tbl">
      <Filter>include</Filter>
    </None>
    <None Include="include\StrCharAscii.tbl">
      <Filter>include</Filter>
    </None>
    <None Include="include\StrT.inl">
      <Filter>include</Filter>
    </None>
    <None Include="include\StrT.tbl">
      <Filter>include</Filter>
    </None>
  </ItemGroup>
  <ItemGroup>
    <Filter Include="src">
      <UniqueIdentifier>{37694577-cac2-448e-ae4d-8a730f1cdd74}</UniqueIdentifier>
    </Filter>
    <Filter Include="include">
      <UniqueIdentifier>{17d5e6aa-3bd2-4aff-85ac-b1d8b35bb64f}</UniqueIdentifier>
    </Filter>
  </ItemGroup>
  <ItemGroup>
    <ClCompile Include="pch.cpp" />
    <ClCompile Include="GrayCore.cpp" />
    <ClCompile Include="src\cAppConsole.cpp">
      <Filter>src</Filter>
    </ClCompile>
    <ClCompile Include="src\cAppImpl.cpp">
      <Filter>src</Filter>
    </ClCompile>
    <ClCompile Include="src\cAppState.cpp">
      <Filter>src</Filter>
    </ClCompile>
    <ClCompile Include="src\cArchive.cpp">
      <Filter>src</Filter>
    </ClCompile>
    <ClCompile Include="src\cArray.cpp">
      <Filter>src</Filter>
    </ClCompile>
    <ClCompile Include="src\cAtom.cpp">
      <Filter>src</Filter>
    </ClCompile>
    <ClCompile Include="src\cCodeProfiler.cpp">
      <Filter>src</Filter>
    </ClCompile>
    <ClCompile Include="src\cDebugAssert.cpp">
      <Filter>src</Filter>
    </ClCompile>
    <ClCompile Include="src\cException.cpp">
      <Filter>src</Filter>
    </ClCompile>
    <ClCompile Include="src\cExceptionAssert.cpp">
      <Filter>src</Filter>
    </ClCompile>
    <ClCompile Include="src\cExceptionSystem.cpp">
      <Filter>src</Filter>
    </ClCompile>
    <ClCompile Include="src\cFile.cpp">
      <Filter>src</Filter>
    </ClCompile>
    <ClCompile Include="src\cFileCopier.cpp">
      <Filter>src</Filter>
    </ClCompile>
    <ClCompile Include="src\cFileDir.cpp">
      <Filter>src</Filter>
    </ClCompile>
    <ClCompile Include="src\cFilePath.cpp">
      <Filter>src</Filter>
    </ClCompile>
    <ClCompile Include="src\cFileStatus.cpp">
      <Filter>src</Filter>
    </ClCompile>
    <ClCompile Include="src\cFileText.cpp">
      <Filter>src</Filter>
    </ClCompile>
    <ClCompile Include="src\cFileTextReader.cpp">
      <Filter>src</Filter>
    </ClCompile>
    <ClCompile Include="src\cFloatDeco.cpp">
      <Filter>src</Filter>
    </ClCompile>
    <ClCompile Include="src\cHeap.cpp">
      <Filter>src</Filter>
    </ClCompile>
    <ClCompile Include="src\cHookJump.cpp">
      <Filter>src</Filter>
    </ClCompile>
    <ClCompile Include="src\cIniFile.cpp">
      <Filter>src</Filter>
    </ClCompile>
    <ClCompile Include="src\cIniMap.cpp">
      <Filter>src</Filter>
    </ClCompile>
    <ClCompile Include="src\cIniObject.cpp">
      <Filter>src</Filter>
    </ClCompile>
    <ClCompile Include="src\cIniSection.cpp">
      <Filter>src</Filter>
    </ClCompile>
    <ClCompile Include="src\cList.cpp">
      <Filter>src</Filter>
    </ClCompile>
    <ClCompile Include="src\cLogAppendConsole.cpp">
      <Filter>src</Filter>
    </ClCompile>
    <ClCompile Include="src\cLogAppender.cpp">
      <Filter>src</Filter>
    </ClCompile>
    <ClCompile Include="src\cLogLevel.cpp">
      <Filter>src</Filter>
    </ClCompile>
    <ClCompile Include="src\cLogMgr.cpp">
      <Filter>src</Filter>
    </ClCompile>
    <ClCompile Include="src\cMem.cpp">
      <Filter>src</Filter>
    </ClCompile>
    <ClCompile Include="src\cMemPage.cpp">
      <Filter>src</Filter>
    </ClCompile>
    <ClCompile Include="src\cMime.cpp">
      <Filter>src</Filter>
    </ClCompile>
    <ClCompile Include="src\cObjectFactory.cpp">
      <Filter>src</Filter>
    </ClCompile>
    <ClCompile Include="src\cOSHandle.cpp">
      <Filter>src</Filter>
    </ClCompile>
    <ClCompile Include="src\cOSHandleSet.cpp">
      <Filter>src</Filter>
    </ClCompile>
    <ClCompile Include="src\cOSModImpl.cpp">
      <Filter>src</Filter>
    </ClCompile>
    <ClCompile Include="src\cOSModule.cpp">
      <Filter>src</Filter>
    </ClCompile>
    <ClCompile Include="src\cOSProcess.cpp">
      <Filter>src</Filter>
    </ClCompile>
    <ClCompile Include="src\cOSUser.cpp">
      <Filter>src</Filter>
    </ClCompile>
    <ClCompile Include="src\cPtrTrace.cpp">
      <Filter>src</Filter>
    </ClCompile>
    <ClCompile Include="src\cQueue.cpp">
      <Filter>src</Filter>
    </ClCompile>
    <ClCompile Include="src\cRandom.cpp">
      <Filter>src</Filter>
    </ClCompile>
    <ClCompile Include="src\cSecurityAttributes.cpp">
      <Filter>src</Filter>
    </ClCompile>
    <ClCompile Include="src\cSingleton.cpp">
      <Filter>src</Filter>
    </ClCompile>
    <ClCompile Include="src\cStream.cpp">
      <Filter>src</Filter>
    </ClCompile>
    <ClCompile Include="src\cStreamStack.cpp">
      <Filter>src</Filter>
    </ClCompile>
    <ClCompile Include="src\cString.cpp">
      <Filter>src</Filter>
    </ClCompile>
    <ClCompile Include="src\cSystemInfo.cpp">
      <Filter>src</Filter>
    </ClCompile>
    <ClCompile Include="src\cTempPool.cpp">
      <Filter>src</Filter>
    </ClCompile>
    <ClCompile Include="src\cTextPos.cpp">
      <Filter>src</Filter>
    </ClCompile>
    <ClCompile Include="src\cThreadLock.cpp">
      <Filter>src</Filter>
    </ClCompile>
    <ClCompile Include="src\cThreadLockRW.cpp">
      <Filter>src</Filter>
    </ClCompile>
    <ClCompile Include="src\cTimeDouble.cpp">
      <Filter>src</Filter>
    </ClCompile>
    <ClCompile Include="src\cTimeFile.cpp">
      <Filter>src</Filter>
    </ClCompile>
    <ClCompile Include="src\cTimeInt.cpp">
      <Filter>src</Filter>
    </ClCompile>
    <ClCompile Include="src\cTimeSys.cpp">
      <Filter>src</Filter>
    </ClCompile>
    <ClCompile Include="src\cTimeUnits.cpp">
      <Filter>src</Filter>
    </ClCompile>
    <ClCompile Include="src\cTimeZone.cpp">
      <Filter>src</Filter>
    </ClCompile>
    <ClCompile Include="src\cTypeInfo.cpp">
      <Filter>src</Filter>
    </ClCompile>
    <ClCompile Include="src\cUInt64.cpp">
      <Filter>src</Filter>
    </ClCompile>
    <ClCompile Include="src\cUnitTest.cpp">
      <Filter>src</Filter>
    </ClCompile>
    <ClCompile Include="src\HResult.cpp">
      <Filter>src</Filter>
    </ClCompile>
    <ClCompile Include="src\StrA.cpp">
      <Filter>src</Filter>
    </ClCompile>
    <ClCompile Include="src\StrArg.cpp">
      <Filter>src</Filter>
    </ClCompile>
    <ClCompile Include="src\StrChar.cpp">
      <Filter>src</Filter>
    </ClCompile>
    <ClCompile Include="src\StrConst.cpp">
      <Filter>src</Filter>
    </ClCompile>
    <ClCompile Include="src\StrFormat.cpp">
      <Filter>src</Filter>
    </ClCompile>
    <ClCompile Include="src\StrNum.cpp">
      <Filter>src</Filter>
    </ClCompile>
    <ClCompile Include="src\StrT.cpp">
      <Filter>src</Filter>
    </ClCompile>
    <ClCompile Include="src\StrU.cpp">
      <Filter>src</Filter>
    </ClCompile>
    <ClCompile Include="src\StrXUnitTest.cpp">
      <Filter>src</Filter>
    </ClCompile>
  </ItemGroup>
  <ItemGroup>
    <ResourceCompile Include="src\GrayCore.rc">
      <Filter>src</Filter>
    </ResourceCompile>
  </ItemGroup>
</Project>